<?xml version="1.0" encoding="utf-8"?>
<Project ToolsVersion="4.0" xmlns="http://schemas.microsoft.com/developer/msbuild/2003">
  <ItemGroup>
    <ClCompile Include="Cuadrado.cpp" />
    <ClCompile Include="Figuras.cpp" />
    <ClCompile Include="Proyecto1_DavidReyes_JosueHam_VictorRomero.cpp" />
    <ClCompile Include="Rectangulo.cpp" />
    <ClCompile Include="Rombo.cpp" />
    <ClCompile Include="Triangulo.cpp" />
    <ClCompile Include="Trapecio.cpp" />
    <ClCompile Include="Paralelogramo.cpp" />
    <ClCompile Include="Cometa.cpp" />
  </ItemGroup>
  <ItemGroup>
    <ClInclude Include="Cuadrado.h" />
    <ClInclude Include="Figuras.h" />
    <ClInclude Include="Rectangulo.h" />
    <ClInclude Include="Rombo.h" />
    <ClInclude Include="Triangulo.h" />
    <ClInclude Include="Trapecio.h" />
    <ClInclude Include="Paralelogramo.h" />
    <ClInclude Include="Cometa.h" />
  </ItemGroup>
</Project>